
Microsoft Visual Studio Solution File, Format Version 12.00
# Visual Studio Version 17
VisualStudioVersion = 17.8.34525.116
MinimumVisualStudioVersion = 10.0.40219.1
Project("{FAE04EC0-301F-11D3-BF4B-00C04F79EFBC}") = "BiosBoardSerial", "BiosBoardSerial\BiosBoardSerial.csproj", "{EC952FC3-D535-4693-AF30-F3238CB0A235}"
EndProject
Global
	GlobalSection(SolutionConfigurationPlatforms) = preSolution
		Debug|Any CPU = Debug|Any CPU
		Release|Any CPU = Release|Any CPU
	EndGlobalSection
	GlobalSection(ProjectConfigurationPlatforms) = postSolution
		{EC952FC3-D535-4693-AF30-F3238CB0A235}.Debug|Any CPU.ActiveCfg = Debug|Any CPU
		{EC952FC3-D535-4693-AF30-F3238CB0A235}.Debug|Any CPU.Build.0 = Debug|Any CPU
		{EC952FC3-D535-4693-AF30-F3238CB0A235}.Release|Any CPU.ActiveCfg = Release|Any CPU
		{EC952FC3-D535-4693-AF30-F3238CB0A235}.Release|Any CPU.Build.0 = Release|Any CPU
	EndGlobalSection
	GlobalSection(SolutionProperties) = preSolution
		HideSolutionNode = FALSE
	EndGlobalSection
	GlobalSection(ExtensibilityGlobals) = postSolution
		SolutionGuid = {9FEB90E3-5DE5-4439-9C53-8E4AC4CCE778}
	EndGlobalSection
EndGlobal
